
Microsoft Visual Studio Solution File, Format Version 12.00
# Visual Studio Version 17
VisualStudioVersion = 17.5.33530.505
MinimumVisualStudioVersion = 10.0.40219.1
Project("{FAE04EC0-301F-11D3-BF4B-00C04F79EFBC}") = "FolhaPagamento", "FolhaPagamento.csproj", "{0B73D66F-13F0-43B2-BBE1-AD1AAB7C0851}"
EndProject
Global
	GlobalSection(SolutionConfigurationPlatforms) = preSolution
		Debug|Any CPU = Debug|Any CPU
		Release|Any CPU = Release|Any CPU
	EndGlobalSection
	GlobalSection(ProjectConfigurationPlatforms) = postSolution
		{0B73D66F-13F0-43B2-BBE1-AD1AAB7C0851}.Debug|Any CPU.ActiveCfg = Debug|Any CPU
		{0B73D66F-13F0-43B2-BBE1-AD1AAB7C0851}.Debug|Any CPU.Build.0 = Debug|Any CPU
		{0B73D66F-13F0-43B2-BBE1-AD1AAB7C0851}.Release|Any CPU.ActiveCfg = Release|Any CPU
		{0B73D66F-13F0-43B2-BBE1-AD1AAB7C0851}.Release|Any CPU.Build.0 = Release|Any CPU
	EndGlobalSection
	GlobalSection(SolutionProperties) = preSolution
		HideSolutionNode = FALSE
	EndGlobalSection
	GlobalSection(ExtensibilityGlobals) = postSolution
		SolutionGuid = {6FB96CF7-39CF-4E49-AB7A-45F89FB21067}
	EndGlobalSection
EndGlobal
